
Microsoft Visual Studio Solution File, Format Version 12.00
# Visual Studio 15
VisualStudioVersion = 15.0.26730.3
MinimumVisualStudioVersion = 10.0.40219.1
Project("{FAE04EC0-301F-11D3-BF4B-00C04F79EFBC}") = "v2rayS", "v2rayS\v2rayS.csproj", "{610C32A0-CD32-4A99-B223-9E90C6A6160A}"
EndProject
Global
	GlobalSection(SolutionConfigurationPlatforms) = preSolution
		Debug|Any CPU = Debug|Any CPU
		Release|Any CPU = Release|Any CPU
	EndGlobalSection
	GlobalSection(ProjectConfigurationPlatforms) = postSolution
		{610C32A0-CD32-4A99-B223-9E90C6A6160A}.Debug|Any CPU.ActiveCfg = Debug|Any CPU
		{610C32A0-CD32-4A99-B223-9E90C6A6160A}.Debug|Any CPU.Build.0 = Debug|Any CPU
		{610C32A0-CD32-4A99-B223-9E90C6A6160A}.Release|Any CPU.ActiveCfg = Release|Any CPU
		{610C32A0-CD32-4A99-B223-9E90C6A6160A}.Release|Any CPU.Build.0 = Release|Any CPU
	EndGlobalSection
	GlobalSection(SolutionProperties) = preSolution
		HideSolutionNode = FALSE
	EndGlobalSection
	GlobalSection(ExtensibilityGlobals) = postSolution
		SolutionGuid = {398015A7-F3D2-4B4A-9B38-DFA083E20BD3}
	EndGlobalSection
EndGlobal
